
Microsoft Visual Studio Solution File, Format Version 12.00
# Visual Studio Version 16
VisualStudioVersion = 16.0.31702.278
MinimumVisualStudioVersion = 10.0.40219.1
Project("{FAE04EC0-301F-11D3-BF4B-00C04F79EFBC}") = "Creating and Starting Tasks", "Creating and Starting Tasks\Creating and Starting Tasks.csproj", "{86B9F96A-E771-46E2-B37F-19EC491372C1}"
EndProject
Project("{FAE04EC0-301F-11D3-BF4B-00C04F79EFBC}") = "Cancelling Tasks", "Cancelling Tasks\Cancelling Tasks.csproj", "{D10C38B7-A781-49A2-B5C2-8373057EEF23}"
EndProject
Project("{FAE04EC0-301F-11D3-BF4B-00C04F79EFBC}") = "Composite Cancellation Tokens", "Composite Cancellation Tokens\Composite Cancellation Tokens.csproj", "{487FCC8B-4D43-4FCB-9F9A-05F1783C965E}"
EndProject
Project("{FAE04EC0-301F-11D3-BF4B-00C04F79EFBC}") = "Waiting for Time to Pass", "Waiting for Time to Pass\Waiting for Time to Pass.csproj", "{47F63223-EE05-4CD2-A288-1D0D375404EE}"
EndProject
Project("{FAE04EC0-301F-11D3-BF4B-00C04F79EFBC}") = "Waiting for Tasks", "Waiting for Tasks\Waiting for Tasks.csproj", "{2438AEF1-DEAB-4068-9F9B-6CBBF81D576C}"
EndProject
Project("{FAE04EC0-301F-11D3-BF4B-00C04F79EFBC}") = "Task Exception Handling", "Task Exception Handling\Task Exception Handling.csproj", "{461CAFD1-B125-44C9-8205-F1C39FC8115D}"
EndProject
Project("{FAE04EC0-301F-11D3-BF4B-00C04F79EFBC}") = "Critical Section", "Critical Section\Critical Section.csproj", "{6F49778E-B3F4-493B-A72E-9409876E3E79}"
EndProject
Project("{2150E333-8FDC-42A3-9474-1A3956D46DE8}") = "2 Task Programming", "2 Task Programming", "{BF3ADF6B-E2F9-4157-9100-F798CEAED5AD}"
EndProject
Project("{2150E333-8FDC-42A3-9474-1A3956D46DE8}") = "3 Data Sharing and Synchronization", "3 Data Sharing and Synchronization", "{0716BDE6-DD01-419F-9F95-0DF2D4CBC7A9}"
EndProject
Project("{FAE04EC0-301F-11D3-BF4B-00C04F79EFBC}") = "Interlocked Operations", "Interlocked Operations\Interlocked Operations.csproj", "{B7EE09EA-3441-406A-89A3-15D97193DBE6}"
EndProject
Project("{FAE04EC0-301F-11D3-BF4B-00C04F79EFBC}") = "Spin Locking and Lock Recursion", "Spin Locking and Lock Recursion\Spin Locking and Lock Recursion.csproj", "{941F44DE-0E55-47DA-890D-F9FE2F153448}"
EndProject
Project("{FAE04EC0-301F-11D3-BF4B-00C04F79EFBC}") = "Spin Locking and Lock Recursion 2", "Spin Locking and Lock Recursion 2\Spin Locking and Lock Recursion 2.csproj", "{EE37586C-B8FB-4E74-B32A-17BA69ADF150}"
EndProject
Project("{FAE04EC0-301F-11D3-BF4B-00C04F79EFBC}") = "Mutex", "Mutex\Mutex.csproj", "{ED7327C7-B310-4647-AE25-3FB3CAFBB335}"
EndProject
Project("{FAE04EC0-301F-11D3-BF4B-00C04F79EFBC}") = "Mutex Global for Application", "Mutex Global for Application\Mutex Global for Application.csproj", "{DB7C33D9-60E8-4F21-A2BB-BFDA79CEE199}"
EndProject
Project("{FAE04EC0-301F-11D3-BF4B-00C04F79EFBC}") = "Reader-Writer Locks", "Reader-Writer Locks\Reader-Writer Locks.csproj", "{E12FC1E8-15D8-42A8-B974-0921C98121DD}"
EndProject
Project("{2150E333-8FDC-42A3-9474-1A3956D46DE8}") = "4. Concurrent Collections", "4. Concurrent Collections", "{F6472DF7-EE8E-4810-8085-137030546134}"
EndProject
Project("{FAE04EC0-301F-11D3-BF4B-00C04F79EFBC}") = "Concurrent Dictionary", "Concurrent Dictionary\Concurrent Dictionary.csproj", "{1743E2A2-682C-49CA-AAA1-09F1F545E547}"
EndProject
Project("{FAE04EC0-301F-11D3-BF4B-00C04F79EFBC}") = "Concurrent Queue", "Concurrent Queue\Concurrent Queue.csproj", "{AB6D46D3-57FD-4811-9CF8-4468A6064057}"
EndProject
Project("{FAE04EC0-301F-11D3-BF4B-00C04F79EFBC}") = "Concurrent Stack", "Concurrent Stack\Concurrent Stack.csproj", "{B3E52289-F30F-4577-8CE5-A94CB90897DD}"
EndProject
Project("{FAE04EC0-301F-11D3-BF4B-00C04F79EFBC}") = "Concurrent Bag", "Concurrent Bag\Concurrent Bag.csproj", "{4947C2F7-4E0E-481B-85E5-CB4C2FB9DF00}"
EndProject
Project("{FAE04EC0-301F-11D3-BF4B-00C04F79EFBC}") = "Blocking Collection and the Consumer-Producer Pattern", "Blocking Collection and the Consumer-Producer Pattern\Blocking Collection and the Consumer-Producer Pattern.csproj", "{A4FADE30-032E-49E6-8160-3BEFC5528D6C}"
EndProject
Project("{2150E333-8FDC-42A3-9474-1A3956D46DE8}") = "5. Task Coordination", "5. Task Coordination", "{0D71D3BC-0D77-4A2A-972A-B15A02669828}"
EndProject
Project("{FAE04EC0-301F-11D3-BF4B-00C04F79EFBC}") = "Continuations", "Continuations\Continuations.csproj", "{0CA53A72-C30D-4EFB-8BD9-9FD727B2C420}"
EndProject
Project("{FAE04EC0-301F-11D3-BF4B-00C04F79EFBC}") = "Child Task", "Child Task\Child Task.csproj", "{EFBBB583-3312-4E20-A9D9-05BCD963F3E9}"
EndProject
Project("{FAE04EC0-301F-11D3-BF4B-00C04F79EFBC}") = "Barrier", "Barrier\Barrier.csproj", "{93B24C05-40C1-429D-90EB-D45F4484ED99}"
EndProject
Project("{FAE04EC0-301F-11D3-BF4B-00C04F79EFBC}") = "Countdown Event", "Countdown Event\Countdown Event.csproj", "{C4046723-7925-47BA-B3D3-64EEADF387FB}"
EndProject
Project("{FAE04EC0-301F-11D3-BF4B-00C04F79EFBC}") = "Manual-Auto Reset Event", "Manual-Auto Reset Event\Manual-Auto Reset Event.csproj", "{9DF427E9-CB9A-43E7-9CA9-89D15E14D488}"
EndProject
Project("{FAE04EC0-301F-11D3-BF4B-00C04F79EFBC}") = "Semaphore", "Semaphore\Semaphore.csproj", "{82D7843C-C8C0-438B-8107-098E6768120E}"
EndProject
Project("{2150E333-8FDC-42A3-9474-1A3956D46DE8}") = "6. Parallel Loops", "6. Parallel Loops", "{D4520EDB-BEDD-475C-8538-985565137E8F}"
EndProject
Global
	GlobalSection(SolutionConfigurationPlatforms) = preSolution
		Debug|Any CPU = Debug|Any CPU
		Release|Any CPU = Release|Any CPU
	EndGlobalSection
	GlobalSection(ProjectConfigurationPlatforms) = postSolution
		{86B9F96A-E771-46E2-B37F-19EC491372C1}.Debug|Any CPU.ActiveCfg = Debug|Any CPU
		{86B9F96A-E771-46E2-B37F-19EC491372C1}.Debug|Any CPU.Build.0 = Debug|Any CPU
		{86B9F96A-E771-46E2-B37F-19EC491372C1}.Release|Any CPU.ActiveCfg = Release|Any CPU
		{86B9F96A-E771-46E2-B37F-19EC491372C1}.Release|Any CPU.Build.0 = Release|Any CPU
		{D10C38B7-A781-49A2-B5C2-8373057EEF23}.Debug|Any CPU.ActiveCfg = Debug|Any CPU
		{D10C38B7-A781-49A2-B5C2-8373057EEF23}.Debug|Any CPU.Build.0 = Debug|Any CPU
		{D10C38B7-A781-49A2-B5C2-8373057EEF23}.Release|Any CPU.ActiveCfg = Release|Any CPU
		{D10C38B7-A781-49A2-B5C2-8373057EEF23}.Release|Any CPU.Build.0 = Release|Any CPU
		{487FCC8B-4D43-4FCB-9F9A-05F1783C965E}.Debug|Any CPU.ActiveCfg = Debug|Any CPU
		{487FCC8B-4D43-4FCB-9F9A-05F1783C965E}.Debug|Any CPU.Build.0 = Debug|Any CPU
		{487FCC8B-4D43-4FCB-9F9A-05F1783C965E}.Release|Any CPU.ActiveCfg = Release|Any CPU
		{487FCC8B-4D43-4FCB-9F9A-05F1783C965E}.Release|Any CPU.Build.0 = Release|Any CPU
		{47F63223-EE05-4CD2-A288-1D0D375404EE}.Debug|Any CPU.ActiveCfg = Debug|Any CPU
		{47F63223-EE05-4CD2-A288-1D0D375404EE}.Debug|Any CPU.Build.0 = Debug|Any CPU
		{47F63223-EE05-4CD2-A288-1D0D375404EE}.Release|Any CPU.ActiveCfg = Release|Any CPU
		{47F63223-EE05-4CD2-A288-1D0D375404EE}.Release|Any CPU.Build.0 = Release|Any CPU
		{2438AEF1-DEAB-4068-9F9B-6CBBF81D576C}.Debug|Any CPU.ActiveCfg = Debug|Any CPU
		{2438AEF1-DEAB-4068-9F9B-6CBBF81D576C}.Debug|Any CPU.Build.0 = Debug|Any CPU
		{2438AEF1-DEAB-4068-9F9B-6CBBF81D576C}.Release|Any CPU.ActiveCfg = Release|Any CPU
		{2438AEF1-DEAB-4068-9F9B-6CBBF81D576C}.Release|Any CPU.Build.0 = Release|Any CPU
		{461CAFD1-B125-44C9-8205-F1C39FC8115D}.Debug|Any CPU.ActiveCfg = Debug|Any CPU
		{461CAFD1-B125-44C9-8205-F1C39FC8115D}.Debug|Any CPU.Build.0 = Debug|Any CPU
		{461CAFD1-B125-44C9-8205-F1C39FC8115D}.Release|Any CPU.ActiveCfg = Release|Any CPU
		{461CAFD1-B125-44C9-8205-F1C39FC8115D}.Release|Any CPU.Build.0 = Release|Any CPU
		{6F49778E-B3F4-493B-A72E-9409876E3E79}.Debug|Any CPU.ActiveCfg = Debug|Any CPU
		{6F49778E-B3F4-493B-A72E-9409876E3E79}.Debug|Any CPU.Build.0 = Debug|Any CPU
		{6F49778E-B3F4-493B-A72E-9409876E3E79}.Release|Any CPU.ActiveCfg = Release|Any CPU
		{6F49778E-B3F4-493B-A72E-9409876E3E79}.Release|Any CPU.Build.0 = Release|Any CPU
		{B7EE09EA-3441-406A-89A3-15D97193DBE6}.Debug|Any CPU.ActiveCfg = Debug|Any CPU
		{B7EE09EA-3441-406A-89A3-15D97193DBE6}.Debug|Any CPU.Build.0 = Debug|Any CPU
		{B7EE09EA-3441-406A-89A3-15D97193DBE6}.Release|Any CPU.ActiveCfg = Release|Any CPU
		{B7EE09EA-3441-406A-89A3-15D97193DBE6}.Release|Any CPU.Build.0 = Release|Any CPU
		{941F44DE-0E55-47DA-890D-F9FE2F153448}.Debug|Any CPU.ActiveCfg = Debug|Any CPU
		{941F44DE-0E55-47DA-890D-F9FE2F153448}.Debug|Any CPU.Build.0 = Debug|Any CPU
		{941F44DE-0E55-47DA-890D-F9FE2F153448}.Release|Any CPU.ActiveCfg = Release|Any CPU
		{941F44DE-0E55-47DA-890D-F9FE2F153448}.Release|Any CPU.Build.0 = Release|Any CPU
		{EE37586C-B8FB-4E74-B32A-17BA69ADF150}.Debug|Any CPU.ActiveCfg = Debug|Any CPU
		{EE37586C-B8FB-4E74-B32A-17BA69ADF150}.Debug|Any CPU.Build.0 = Debug|Any CPU
		{EE37586C-B8FB-4E74-B32A-17BA69ADF150}.Release|Any CPU.ActiveCfg = Release|Any CPU
		{EE37586C-B8FB-4E74-B32A-17BA69ADF150}.Release|Any CPU.Build.0 = Release|Any CPU
		{ED7327C7-B310-4647-AE25-3FB3CAFBB335}.Debug|Any CPU.ActiveCfg = Debug|Any CPU
		{ED7327C7-B310-4647-AE25-3FB3CAFBB335}.Debug|Any CPU.Build.0 = Debug|Any CPU
		{ED7327C7-B310-4647-AE25-3FB3CAFBB335}.Release|Any CPU.ActiveCfg = Release|Any CPU
		{ED7327C7-B310-4647-AE25-3FB3CAFBB335}.Release|Any CPU.Build.0 = Release|Any CPU
		{DB7C33D9-60E8-4F21-A2BB-BFDA79CEE199}.Debug|Any CPU.ActiveCfg = Debug|Any CPU
		{DB7C33D9-60E8-4F21-A2BB-BFDA79CEE199}.Debug|Any CPU.Build.0 = Debug|Any CPU
		{DB7C33D9-60E8-4F21-A2BB-BFDA79CEE199}.Release|Any CPU.ActiveCfg = Release|Any CPU
		{DB7C33D9-60E8-4F21-A2BB-BFDA79CEE199}.Release|Any CPU.Build.0 = Release|Any CPU
		{E12FC1E8-15D8-42A8-B974-0921C98121DD}.Debug|Any CPU.ActiveCfg = Debug|Any CPU
		{E12FC1E8-15D8-42A8-B974-0921C98121DD}.Debug|Any CPU.Build.0 = Debug|Any CPU
		{E12FC1E8-15D8-42A8-B974-0921C98121DD}.Release|Any CPU.ActiveCfg = Release|Any CPU
		{E12FC1E8-15D8-42A8-B974-0921C98121DD}.Release|Any CPU.Build.0 = Release|Any CPU
		{1743E2A2-682C-49CA-AAA1-09F1F545E547}.Debug|Any CPU.ActiveCfg = Debug|Any CPU
		{1743E2A2-682C-49CA-AAA1-09F1F545E547}.Debug|Any CPU.Build.0 = Debug|Any CPU
		{1743E2A2-682C-49CA-AAA1-09F1F545E547}.Release|Any CPU.ActiveCfg = Release|Any CPU
		{1743E2A2-682C-49CA-AAA1-09F1F545E547}.Release|Any CPU.Build.0 = Release|Any CPU
		{AB6D46D3-57FD-4811-9CF8-4468A6064057}.Debug|Any CPU.ActiveCfg = Debug|Any CPU
		{AB6D46D3-57FD-4811-9CF8-4468A6064057}.Debug|Any CPU.Build.0 = Debug|Any CPU
		{AB6D46D3-57FD-4811-9CF8-4468A6064057}.Release|Any CPU.ActiveCfg = Release|Any CPU
		{AB6D46D3-57FD-4811-9CF8-4468A6064057}.Release|Any CPU.Build.0 = Release|Any CPU
		{B3E52289-F30F-4577-8CE5-A94CB90897DD}.Debug|Any CPU.ActiveCfg = Debug|Any CPU
		{B3E52289-F30F-4577-8CE5-A94CB90897DD}.Debug|Any CPU.Build.0 = Debug|Any CPU
		{B3E52289-F30F-4577-8CE5-A94CB90897DD}.Release|Any CPU.ActiveCfg = Release|Any CPU
		{B3E52289-F30F-4577-8CE5-A94CB90897DD}.Release|Any CPU.Build.0 = Release|Any CPU
		{4947C2F7-4E0E-481B-85E5-CB4C2FB9DF00}.Debug|Any CPU.ActiveCfg = Debug|Any CPU
		{4947C2F7-4E0E-481B-85E5-CB4C2FB9DF00}.Debug|Any CPU.Build.0 = Debug|Any CPU
		{4947C2F7-4E0E-481B-85E5-CB4C2FB9DF00}.Release|Any CPU.ActiveCfg = Release|Any CPU
		{4947C2F7-4E0E-481B-85E5-CB4C2FB9DF00}.Release|Any CPU.Build.0 = Release|Any CPU
		{A4FADE30-032E-49E6-8160-3BEFC5528D6C}.Debug|Any CPU.ActiveCfg = Debug|Any CPU
		{A4FADE30-032E-49E6-8160-3BEFC5528D6C}.Debug|Any CPU.Build.0 = Debug|Any CPU
		{A4FADE30-032E-49E6-8160-3BEFC5528D6C}.Release|Any CPU.ActiveCfg = Release|Any CPU
		{A4FADE30-032E-49E6-8160-3BEFC5528D6C}.Release|Any CPU.Build.0 = Release|Any CPU
		{0CA53A72-C30D-4EFB-8BD9-9FD727B2C420}.Debug|Any CPU.ActiveCfg = Debug|Any CPU
		{0CA53A72-C30D-4EFB-8BD9-9FD727B2C420}.Debug|Any CPU.Build.0 = Debug|Any CPU
		{0CA53A72-C30D-4EFB-8BD9-9FD727B2C420}.Release|Any CPU.ActiveCfg = Release|Any CPU
		{0CA53A72-C30D-4EFB-8BD9-9FD727B2C420}.Release|Any CPU.Build.0 = Release|Any CPU
		{EFBBB583-3312-4E20-A9D9-05BCD963F3E9}.Debug|Any CPU.ActiveCfg = Debug|Any CPU
		{EFBBB583-3312-4E20-A9D9-05BCD963F3E9}.Debug|Any CPU.Build.0 = Debug|Any CPU
		{EFBBB583-3312-4E20-A9D9-05BCD963F3E9}.Release|Any CPU.ActiveCfg = Release|Any CPU
		{EFBBB583-3312-4E20-A9D9-05BCD963F3E9}.Release|Any CPU.Build.0 = Release|Any CPU
		{93B24C05-40C1-429D-90EB-D45F4484ED99}.Debug|Any CPU.ActiveCfg = Debug|Any CPU
		{93B24C05-40C1-429D-90EB-D45F4484ED99}.Debug|Any CPU.Build.0 = Debug|Any CPU
		{93B24C05-40C1-429D-90EB-D45F4484ED99}.Release|Any CPU.ActiveCfg = Release|Any CPU
		{93B24C05-40C1-429D-90EB-D45F4484ED99}.Release|Any CPU.Build.0 = Release|Any CPU
		{C4046723-7925-47BA-B3D3-64EEADF387FB}.Debug|Any CPU.ActiveCfg = Debug|Any CPU
		{C4046723-7925-47BA-B3D3-64EEADF387FB}.Debug|Any CPU.Build.0 = Debug|Any CPU
		{C4046723-7925-47BA-B3D3-64EEADF387FB}.Release|Any CPU.ActiveCfg = Release|Any CPU
		{C4046723-7925-47BA-B3D3-64EEADF387FB}.Release|Any CPU.Build.0 = Release|Any CPU
		{9DF427E9-CB9A-43E7-9CA9-89D15E14D488}.Debug|Any CPU.ActiveCfg = Debug|Any CPU
		{9DF427E9-CB9A-43E7-9CA9-89D15E14D488}.Debug|Any CPU.Build.0 = Debug|Any CPU
		{9DF427E9-CB9A-43E7-9CA9-89D15E14D488}.Release|Any CPU.ActiveCfg = Release|Any CPU
		{9DF427E9-CB9A-43E7-9CA9-89D15E14D488}.Release|Any CPU.Build.0 = Release|Any CPU
		{82D7843C-C8C0-438B-8107-098E6768120E}.Debug|Any CPU.ActiveCfg = Debug|Any CPU
		{82D7843C-C8C0-438B-8107-098E6768120E}.Debug|Any CPU.Build.0 = Debug|Any CPU
		{82D7843C-C8C0-438B-8107-098E6768120E}.Release|Any CPU.ActiveCfg = Release|Any CPU
		{82D7843C-C8C0-438B-8107-098E6768120E}.Release|Any CPU.Build.0 = Release|Any CPU
	EndGlobalSection
	GlobalSection(SolutionProperties) = preSolution
		HideSolutionNode = FALSE
	EndGlobalSection
	GlobalSection(NestedProjects) = preSolution
		{86B9F96A-E771-46E2-B37F-19EC491372C1} = {BF3ADF6B-E2F9-4157-9100-F798CEAED5AD}
		{D10C38B7-A781-49A2-B5C2-8373057EEF23} = {BF3ADF6B-E2F9-4157-9100-F798CEAED5AD}
		{487FCC8B-4D43-4FCB-9F9A-05F1783C965E} = {BF3ADF6B-E2F9-4157-9100-F798CEAED5AD}
		{47F63223-EE05-4CD2-A288-1D0D375404EE} = {BF3ADF6B-E2F9-4157-9100-F798CEAED5AD}
		{2438AEF1-DEAB-4068-9F9B-6CBBF81D576C} = {BF3ADF6B-E2F9-4157-9100-F798CEAED5AD}
		{461CAFD1-B125-44C9-8205-F1C39FC8115D} = {BF3ADF6B-E2F9-4157-9100-F798CEAED5AD}
		{6F49778E-B3F4-493B-A72E-9409876E3E79} = {0716BDE6-DD01-419F-9F95-0DF2D4CBC7A9}
		{B7EE09EA-3441-406A-89A3-15D97193DBE6} = {0716BDE6-DD01-419F-9F95-0DF2D4CBC7A9}
		{941F44DE-0E55-47DA-890D-F9FE2F153448} = {0716BDE6-DD01-419F-9F95-0DF2D4CBC7A9}
		{EE37586C-B8FB-4E74-B32A-17BA69ADF150} = {0716BDE6-DD01-419F-9F95-0DF2D4CBC7A9}
		{ED7327C7-B310-4647-AE25-3FB3CAFBB335} = {0716BDE6-DD01-419F-9F95-0DF2D4CBC7A9}
		{DB7C33D9-60E8-4F21-A2BB-BFDA79CEE199} = {0716BDE6-DD01-419F-9F95-0DF2D4CBC7A9}
		{E12FC1E8-15D8-42A8-B974-0921C98121DD} = {0716BDE6-DD01-419F-9F95-0DF2D4CBC7A9}
		{1743E2A2-682C-49CA-AAA1-09F1F545E547} = {F6472DF7-EE8E-4810-8085-137030546134}
		{AB6D46D3-57FD-4811-9CF8-4468A6064057} = {F6472DF7-EE8E-4810-8085-137030546134}
		{B3E52289-F30F-4577-8CE5-A94CB90897DD} = {F6472DF7-EE8E-4810-8085-137030546134}
		{4947C2F7-4E0E-481B-85E5-CB4C2FB9DF00} = {F6472DF7-EE8E-4810-8085-137030546134}
		{A4FADE30-032E-49E6-8160-3BEFC5528D6C} = {F6472DF7-EE8E-4810-8085-137030546134}
		{0CA53A72-C30D-4EFB-8BD9-9FD727B2C420} = {0D71D3BC-0D77-4A2A-972A-B15A02669828}
		{EFBBB583-3312-4E20-A9D9-05BCD963F3E9} = {0D71D3BC-0D77-4A2A-972A-B15A02669828}
		{93B24C05-40C1-429D-90EB-D45F4484ED99} = {0D71D3BC-0D77-4A2A-972A-B15A02669828}
		{C4046723-7925-47BA-B3D3-64EEADF387FB} = {0D71D3BC-0D77-4A2A-972A-B15A02669828}
		{9DF427E9-CB9A-43E7-9CA9-89D15E14D488} = {0D71D3BC-0D77-4A2A-972A-B15A02669828}
		{82D7843C-C8C0-438B-8107-098E6768120E} = {0D71D3BC-0D77-4A2A-972A-B15A02669828}
	EndGlobalSection
	GlobalSection(ExtensibilityGlobals) = postSolution
		SolutionGuid = {982A3B8F-A420-41E4-B30E-11FC547DC1AE}
	EndGlobalSection
EndGlobal
